<?xml version="1.0" encoding="utf-8"?>
<Project ToolsVersion="4.0" xmlns="http://schemas.microsoft.com/developer/msbuild/2003">
  <ItemGroup>
    <Filter Include="Source Files">
      <UniqueIdentifier>{4FC737F1-C7A5-4376-A066-2A32D752A2FF}</UniqueIdentifier>
      <Extensions>cpp;cxx;c;def</Extensions>
    </Filter>
    <Filter Include="Header Files">
      <UniqueIdentifier>{93995380-89BD-4b04-88EB-625FBE52EBFB}</UniqueIdentifier>
      <Extensions>h</Extensions>
    </Filter>
    <Filter Include="Form Files">
      <UniqueIdentifier>{99349809-55BA-4b9d-BF79-8FDBB0286EB3}</UniqueIdentifier>
      <Extensions>ui</Extensions>
    </Filter>
    <Filter Include="Resource Files">
      <UniqueIdentifier>{D9D6E242-F8AF-46E4-B9FD-80ECBC20BA3E}</UniqueIdentifier>
      <Extensions>qrc;*</Extensions>
      <ParseFiles>false</ParseFiles>
    </Filter>
    <Filter Include="Generated Files">
      <UniqueIdentifier>{71ED8ED8-ACB9-4CE9-BBE1-E00B30144E11}</UniqueIdentifier>
      <Extensions>moc;h;cpp</Extensions>
      <SourceControlFiles>False</SourceControlFiles>
    </Filter>
    <Filter Include="Generated Files\Editor Debug">
      <UniqueIdentifier>{0ff77144-2bca-43e6-b0ae-f30f2a47beb4}</UniqueIdentifier>
      <Extensions>cpp;moc</Extensions>
      <SourceControlFiles>False</SourceControlFiles>
    </Filter>
    <Filter Include="Generated Files\Editor Release">
      <UniqueIdentifier>{feb8b3bd-97c2-4b93-8746-98b9f167472e}</UniqueIdentifier>
      <Extensions>cpp;moc</Extensions>
      <SourceControlFiles>False</SourceControlFiles>
    </Filter>
  </ItemGroup>
  <ItemGroup>
    <ClCompile Include="main.cpp">
      <Filter>Source Files</Filter>
    </ClCompile>
    <ClCompile Include="CasaEditor.cpp">
      <Filter>Source Files</Filter>
    </ClCompile>
    <ClCompile Include="GeneratedFiles\Editor Release\moc_CasaEditor.cpp">
      <Filter>Generated Files\Editor Release</Filter>
    </ClCompile>
    <ClCompile Include="GameView.cpp">
      <Filter>Source Files</Filter>
    </ClCompile>
    <ClCompile Include="GeneratedFiles\Editor Release\moc_GameView.cpp">
      <Filter>Generated Files\Editor Release</Filter>
    </ClCompile>
    <ClCompile Include="GameThread.cpp">
      <Filter>Source Files</Filter>
    </ClCompile>
    <ClCompile Include="GeneratedFiles\Editor Release\moc_GameThread.cpp">
      <Filter>Generated Files\Editor Release</Filter>
    </ClCompile>
    <ClCompile Include="GeneratedFiles\Editor Debug\moc_CasaEditor.cpp">
      <Filter>Generated Files\Editor Debug</Filter>
    </ClCompile>
    <ClCompile Include="GeneratedFiles\Editor Debug\moc_GameView.cpp">
      <Filter>Generated Files\Editor Debug</Filter>
    </ClCompile>
    <ClCompile Include="GeneratedFiles\Editor Debug\moc_GameThread.cpp">
      <Filter>Generated Files\Editor Debug</Filter>
    </ClCompile>
  </ItemGroup>
  <ItemGroup>
    <CustomBuild Include="CasaEditor.h">
      <Filter>Header Files</Filter>
    </CustomBuild>
    <CustomBuild Include="CasaEditor.ui">
      <Filter>Form Files</Filter>
    </CustomBuild>
    <CustomBuild Include="GameView.h">
      <Filter>Header Files</Filter>
    </CustomBuild>
    <CustomBuild Include="GameThread.h">
      <Filter>Header Files</Filter>
    </CustomBuild>
  </ItemGroup>
  <ItemGroup>
    <ClInclude Include="GeneratedFiles\ui_CasaEditor.h">
      <Filter>Generated Files</Filter>
    </ClInclude>
  </ItemGroup>
</Project>